
Microsoft Visual Studio Solution File, Format Version 12.00
# Visual Studio Version 17
VisualStudioVersion = 17.11.35208.52
MinimumVisualStudioVersion = 10.0.40219.1
Project("{FAE04EC0-301F-11D3-BF4B-00C04F79EFBC}") = "area de un circulo", "area de un circulo\area de un circulo.csproj", "{F242867E-823B-4771-8F49-DD0115D2194E}"
EndProject
Global
	GlobalSection(SolutionConfigurationPlatforms) = preSolution
		Debug|Any CPU = Debug|Any CPU
		Release|Any CPU = Release|Any CPU
	EndGlobalSection
	GlobalSection(ProjectConfigurationPlatforms) = postSolution
		{F242867E-823B-4771-8F49-DD0115D2194E}.Debug|Any CPU.ActiveCfg = Debug|Any CPU
		{F242867E-823B-4771-8F49-DD0115D2194E}.Debug|Any CPU.Build.0 = Debug|Any CPU
		{F242867E-823B-4771-8F49-DD0115D2194E}.Release|Any CPU.ActiveCfg = Release|Any CPU
		{F242867E-823B-4771-8F49-DD0115D2194E}.Release|Any CPU.Build.0 = Release|Any CPU
	EndGlobalSection
	GlobalSection(SolutionProperties) = preSolution
		HideSolutionNode = FALSE
	EndGlobalSection
	GlobalSection(ExtensibilityGlobals) = postSolution
		SolutionGuid = {8420492C-0027-42DF-B82C-D6BA70CE1DEB}
	EndGlobalSection
EndGlobal
