
Microsoft Visual Studio Solution File, Format Version 12.00
# Visual Studio Version 17
VisualStudioVersion = 17.11.35208.52
MinimumVisualStudioVersion = 10.0.40219.1
Project("{FAE04EC0-301F-11D3-BF4B-00C04F79EFBC}") = "raiz cuadrada", "raiz cuadrada\raiz cuadrada.csproj", "{A6DD9641-0FFB-4341-A051-2C4BB755F1DB}"
EndProject
Global
	GlobalSection(SolutionConfigurationPlatforms) = preSolution
		Debug|Any CPU = Debug|Any CPU
		Release|Any CPU = Release|Any CPU
	EndGlobalSection
	GlobalSection(ProjectConfigurationPlatforms) = postSolution
		{A6DD9641-0FFB-4341-A051-2C4BB755F1DB}.Debug|Any CPU.ActiveCfg = Debug|Any CPU
		{A6DD9641-0FFB-4341-A051-2C4BB755F1DB}.Debug|Any CPU.Build.0 = Debug|Any CPU
		{A6DD9641-0FFB-4341-A051-2C4BB755F1DB}.Release|Any CPU.ActiveCfg = Release|Any CPU
		{A6DD9641-0FFB-4341-A051-2C4BB755F1DB}.Release|Any CPU.Build.0 = Release|Any CPU
	EndGlobalSection
	GlobalSection(SolutionProperties) = preSolution
		HideSolutionNode = FALSE
	EndGlobalSection
	GlobalSection(ExtensibilityGlobals) = postSolution
		SolutionGuid = {7D2D375D-E0B4-42DF-8FF1-AC33251170B2}
	EndGlobalSection
EndGlobal
