
Microsoft Visual Studio Solution File, Format Version 12.00
# Visual Studio Version 17
VisualStudioVersion = 17.11.35208.52
MinimumVisualStudioVersion = 10.0.40219.1
Project("{FAE04EC0-301F-11D3-BF4B-00C04F79EFBC}") = "cubo  de un numero", "cubo  de un numero\cubo  de un numero.csproj", "{C9EA0E52-D14D-4299-9F57-69533E8E0BF6}"
EndProject
Global
	GlobalSection(SolutionConfigurationPlatforms) = preSolution
		Debug|Any CPU = Debug|Any CPU
		Release|Any CPU = Release|Any CPU
	EndGlobalSection
	GlobalSection(ProjectConfigurationPlatforms) = postSolution
		{C9EA0E52-D14D-4299-9F57-69533E8E0BF6}.Debug|Any CPU.ActiveCfg = Debug|Any CPU
		{C9EA0E52-D14D-4299-9F57-69533E8E0BF6}.Debug|Any CPU.Build.0 = Debug|Any CPU
		{C9EA0E52-D14D-4299-9F57-69533E8E0BF6}.Release|Any CPU.ActiveCfg = Release|Any CPU
		{C9EA0E52-D14D-4299-9F57-69533E8E0BF6}.Release|Any CPU.Build.0 = Release|Any CPU
	EndGlobalSection
	GlobalSection(SolutionProperties) = preSolution
		HideSolutionNode = FALSE
	EndGlobalSection
	GlobalSection(ExtensibilityGlobals) = postSolution
		SolutionGuid = {011E9269-99DE-49BA-BFD4-D9FFDF4B1419}
	EndGlobalSection
EndGlobal
